# This file is automatically @generated by Cargo.
# It is not intended for manual editing.
version = 4

[[package]]
name = "one_cli"
version = "0.1.0"

[[package]]
name = "one_compiler"
version = "0.1.0"
dependencies = [
 "one_core",
 "one_parser",
]

[[package]]
name = "one_core"
version = "0.1.0"

[[package]]
name = "one_engine"
version = "0.1.0"

[[package]]
name = "one_gc"
version = "0.1.0"
dependencies = [
 "one_core",
]

[[package]]
name = "one_parser"
version = "0.1.0"
dependencies = [
 "one_core",
]

[[package]]
name = "one_runtime"
version = "0.1.0"

[[package]]
name = "one_vm"
version = "0.1.0"
